
Microsoft Visual Studio Solution File, Format Version 12.00
# Visual Studio 14
VisualStudioVersion = 14.0.22823.1
MinimumVisualStudioVersion = 10.0.40219.1
Project("{FAE04EC0-301F-11D3-BF4B-00C04F79EFBC}") = "Dargon.Services.Impl", "Dargon.Services.Impl\Dargon.Services.Impl.csproj", "{9E41DC5D-E409-45E5-AE89-191DB4252EE0}"
EndProject
Project("{FAE04EC0-301F-11D3-BF4B-00C04F79EFBC}") = "Dargon.Services.Tests", "Dargon.Services.Impl.Test\Dargon.Services.Tests.csproj", "{AD1F3318-0005-4D68-99D5-83279264BE82}"
EndProject
Project("{FAE04EC0-301F-11D3-BF4B-00C04F79EFBC}") = "Dargon.Services.Api", "Dargon.Services.Api\Dargon.Services.Api.csproj", "{A9FFFC0F-43A6-468C-9836-92DB4A32F761}"
EndProject
Global
	GlobalSection(SolutionConfigurationPlatforms) = preSolution
		Debug|Any CPU = Debug|Any CPU
		Release|Any CPU = Release|Any CPU
	EndGlobalSection
	GlobalSection(ProjectConfigurationPlatforms) = postSolution
		{9E41DC5D-E409-45E5-AE89-191DB4252EE0}.Debug|Any CPU.ActiveCfg = Debug|Any CPU
		{9E41DC5D-E409-45E5-AE89-191DB4252EE0}.Debug|Any CPU.Build.0 = Debug|Any CPU
		{9E41DC5D-E409-45E5-AE89-191DB4252EE0}.Release|Any CPU.ActiveCfg = Release|Any CPU
		{9E41DC5D-E409-45E5-AE89-191DB4252EE0}.Release|Any CPU.Build.0 = Release|Any CPU
		{AD1F3318-0005-4D68-99D5-83279264BE82}.Debug|Any CPU.ActiveCfg = Debug|Any CPU
		{AD1F3318-0005-4D68-99D5-83279264BE82}.Debug|Any CPU.Build.0 = Debug|Any CPU
		{AD1F3318-0005-4D68-99D5-83279264BE82}.Release|Any CPU.ActiveCfg = Release|Any CPU
		{AD1F3318-0005-4D68-99D5-83279264BE82}.Release|Any CPU.Build.0 = Release|Any CPU
		{A9FFFC0F-43A6-468C-9836-92DB4A32F761}.Debug|Any CPU.ActiveCfg = Debug|Any CPU
		{A9FFFC0F-43A6-468C-9836-92DB4A32F761}.Debug|Any CPU.Build.0 = Debug|Any CPU
		{A9FFFC0F-43A6-468C-9836-92DB4A32F761}.Release|Any CPU.ActiveCfg = Release|Any CPU
		{A9FFFC0F-43A6-468C-9836-92DB4A32F761}.Release|Any CPU.Build.0 = Release|Any CPU
	EndGlobalSection
	GlobalSection(SolutionProperties) = preSolution
		HideSolutionNode = FALSE
	EndGlobalSection
EndGlobal
